
Microsoft Visual Studio Solution File, Format Version 12.00
Project("{FAE04EC0-301F-11D3-BF4B-00C04F79EFBC}") = "Telegram.Bot-template", "Telegram.Bot-template\Telegram.Bot-template.csproj", "{D7A10CF8-0C00-4D6A-AC22-009E1BF3E0ED}"
EndProject
Global
	GlobalSection(SolutionConfigurationPlatforms) = preSolution
		Debug|Any CPU = Debug|Any CPU
		Release|Any CPU = Release|Any CPU
	EndGlobalSection
	GlobalSection(ProjectConfigurationPlatforms) = postSolution
		{D7A10CF8-0C00-4D6A-AC22-009E1BF3E0ED}.Debug|Any CPU.ActiveCfg = Debug|Any CPU
		{D7A10CF8-0C00-4D6A-AC22-009E1BF3E0ED}.Debug|Any CPU.Build.0 = Debug|Any CPU
		{D7A10CF8-0C00-4D6A-AC22-009E1BF3E0ED}.Release|Any CPU.ActiveCfg = Release|Any CPU
		{D7A10CF8-0C00-4D6A-AC22-009E1BF3E0ED}.Release|Any CPU.Build.0 = Release|Any CPU
	EndGlobalSection
EndGlobal
